
Microsoft Visual Studio Solution File, Format Version 12.00
# Visual Studio 15
VisualStudioVersion = 15.0.27428.2002
MinimumVisualStudioVersion = 10.0.40219.1
Project("{9092AA53-FB77-4645-B42D-1CCCA6BD08BD}") = "Mamoth", "Mamoth\Mamoth.njsproj", "{3F3DF8F3-0772-43C1-84AE-BB5CDAE614A1}"
EndProject
Global
	GlobalSection(SolutionConfigurationPlatforms) = preSolution
		Debug|Any CPU = Debug|Any CPU
		Release|Any CPU = Release|Any CPU
	EndGlobalSection
	GlobalSection(ProjectConfigurationPlatforms) = postSolution
		{3F3DF8F3-0772-43C1-84AE-BB5CDAE614A1}.Debug|Any CPU.ActiveCfg = Debug|Any CPU
		{3F3DF8F3-0772-43C1-84AE-BB5CDAE614A1}.Debug|Any CPU.Build.0 = Debug|Any CPU
		{3F3DF8F3-0772-43C1-84AE-BB5CDAE614A1}.Release|Any CPU.ActiveCfg = Release|Any CPU
		{3F3DF8F3-0772-43C1-84AE-BB5CDAE614A1}.Release|Any CPU.Build.0 = Release|Any CPU
	EndGlobalSection
	GlobalSection(SolutionProperties) = preSolution
		HideSolutionNode = FALSE
	EndGlobalSection
	GlobalSection(ExtensibilityGlobals) = postSolution
		SolutionGuid = {6F9185A5-C168-45D4-8206-0B341F5CD3A7}
	EndGlobalSection
EndGlobal
